
Microsoft Visual Studio Solution File, Format Version 12.00
# Visual Studio Version 17
VisualStudioVersion = 17.0.32014.148
MinimumVisualStudioVersion = 10.0.40219.1
Project("{FAE04EC0-301F-11D3-BF4B-00C04F79EFBC}") = "FailedRecipes", "FailedRecipesFix\FailedRecipes.csproj", "{50897B70-0431-40E0-943F-2445F8EC003D}"
EndProject
Project("{FAE04EC0-301F-11D3-BF4B-00C04F79EFBC}") = "RagdollCannon", "RagdollCannon\RagdollCannon.csproj", "{4595DD5C-DB5B-478F-A690-F99772EAE8F7}"
EndProject
Project("{FAE04EC0-301F-11D3-BF4B-00C04F79EFBC}") = "AnimationSnooping", "AnimationSnooping\AnimationSnooping.csproj", "{225E3739-1C67-4E92-8C36-D381B21874FF}"
EndProject
Project("{FAE04EC0-301F-11D3-BF4B-00C04F79EFBC}") = "AnimationTest", "AnimationTest\AnimationTest.csproj", "{11FBCD1C-A13D-4EFB-B9ED-F34DD5134189}"
EndProject
Project("{FAE04EC0-301F-11D3-BF4B-00C04F79EFBC}") = "Randomizer", "Randomizer\Randomizer.csproj", "{C5450FE0-EDCF-483F-B9EA-4B1EF9D36DA7}"
EndProject
Project("{FAE04EC0-301F-11D3-BF4B-00C04F79EFBC}") = "PayWithGold", "PayWithGold\PayWithGold.csproj", "{6609AC55-078C-4D55-A379-60FF6A80D448}"
EndProject
Project("{FAE04EC0-301F-11D3-BF4B-00C04F79EFBC}") = "DebugMode", "DebugMode\DebugMode.csproj", "{9F91A895-6EB9-4935-818F-91BF0CE8A6D9}"
EndProject
Global
	GlobalSection(SolutionConfigurationPlatforms) = preSolution
		Debug|Any CPU = Debug|Any CPU
		Release|Any CPU = Release|Any CPU
	EndGlobalSection
	GlobalSection(ProjectConfigurationPlatforms) = postSolution
		{50897B70-0431-40E0-943F-2445F8EC003D}.Debug|Any CPU.ActiveCfg = Debug|Any CPU
		{50897B70-0431-40E0-943F-2445F8EC003D}.Debug|Any CPU.Build.0 = Debug|Any CPU
		{50897B70-0431-40E0-943F-2445F8EC003D}.Release|Any CPU.ActiveCfg = Release|Any CPU
		{50897B70-0431-40E0-943F-2445F8EC003D}.Release|Any CPU.Build.0 = Release|Any CPU
		{4595DD5C-DB5B-478F-A690-F99772EAE8F7}.Debug|Any CPU.ActiveCfg = Debug|Any CPU
		{4595DD5C-DB5B-478F-A690-F99772EAE8F7}.Debug|Any CPU.Build.0 = Debug|Any CPU
		{4595DD5C-DB5B-478F-A690-F99772EAE8F7}.Release|Any CPU.ActiveCfg = Release|Any CPU
		{4595DD5C-DB5B-478F-A690-F99772EAE8F7}.Release|Any CPU.Build.0 = Release|Any CPU
		{225E3739-1C67-4E92-8C36-D381B21874FF}.Debug|Any CPU.ActiveCfg = Debug|Any CPU
		{225E3739-1C67-4E92-8C36-D381B21874FF}.Debug|Any CPU.Build.0 = Debug|Any CPU
		{225E3739-1C67-4E92-8C36-D381B21874FF}.Release|Any CPU.ActiveCfg = Release|Any CPU
		{225E3739-1C67-4E92-8C36-D381B21874FF}.Release|Any CPU.Build.0 = Release|Any CPU
		{11FBCD1C-A13D-4EFB-B9ED-F34DD5134189}.Debug|Any CPU.ActiveCfg = Debug|Any CPU
		{11FBCD1C-A13D-4EFB-B9ED-F34DD5134189}.Debug|Any CPU.Build.0 = Debug|Any CPU
		{11FBCD1C-A13D-4EFB-B9ED-F34DD5134189}.Release|Any CPU.ActiveCfg = Release|Any CPU
		{11FBCD1C-A13D-4EFB-B9ED-F34DD5134189}.Release|Any CPU.Build.0 = Release|Any CPU
		{C5450FE0-EDCF-483F-B9EA-4B1EF9D36DA7}.Debug|Any CPU.ActiveCfg = Debug|Any CPU
		{C5450FE0-EDCF-483F-B9EA-4B1EF9D36DA7}.Debug|Any CPU.Build.0 = Debug|Any CPU
		{C5450FE0-EDCF-483F-B9EA-4B1EF9D36DA7}.Release|Any CPU.ActiveCfg = Release|Any CPU
		{C5450FE0-EDCF-483F-B9EA-4B1EF9D36DA7}.Release|Any CPU.Build.0 = Release|Any CPU
		{6609AC55-078C-4D55-A379-60FF6A80D448}.Debug|Any CPU.ActiveCfg = Debug|Any CPU
		{6609AC55-078C-4D55-A379-60FF6A80D448}.Debug|Any CPU.Build.0 = Debug|Any CPU
		{6609AC55-078C-4D55-A379-60FF6A80D448}.Release|Any CPU.ActiveCfg = Release|Any CPU
		{6609AC55-078C-4D55-A379-60FF6A80D448}.Release|Any CPU.Build.0 = Release|Any CPU
		{9F91A895-6EB9-4935-818F-91BF0CE8A6D9}.Debug|Any CPU.ActiveCfg = Debug|Any CPU
		{9F91A895-6EB9-4935-818F-91BF0CE8A6D9}.Debug|Any CPU.Build.0 = Debug|Any CPU
		{9F91A895-6EB9-4935-818F-91BF0CE8A6D9}.Release|Any CPU.ActiveCfg = Release|Any CPU
		{9F91A895-6EB9-4935-818F-91BF0CE8A6D9}.Release|Any CPU.Build.0 = Release|Any CPU
	EndGlobalSection
	GlobalSection(SolutionProperties) = preSolution
		HideSolutionNode = FALSE
	EndGlobalSection
	GlobalSection(ExtensibilityGlobals) = postSolution
		SolutionGuid = {ED625B47-153F-4735-8F23-424CE44D9213}
	EndGlobalSection
EndGlobal
